{
  "requires": true,
  "lockfileVersion": 1,
  "dependencies": {
    "jquery": {
      "version": "3.3.1",
      "resolved": "https://registry.npmjs.org/jquery/-/jquery-3.3.1.tgz",
      "integrity": "sha512-Ubldcmxp5np52/ENotGxlLe6aGMvmF4R8S6tZjsP6Knsaxd/xp3Zrh50cG93lR6nPXyUFwzN3ZSOQI0wRJNdGg=="
    },
    "ui-contextmenu": {
      "version": "1.18.1",
      "resolved": "https://registry.npmjs.org/ui-contextmenu/-/ui-contextmenu-1.18.1.tgz",
      "integrity": "sha512-VoFu/71cTgCkfTBO7Q1huIosW78eIO6TLHfGIjEG57nVi7OdkcTFAKEgjCKaiwMJw3jvlZniUoJfzLXL/i+eYQ==",
      "requires": {
        "jquery": "3.3.1"
      }
    }
  }
}
